
Microsoft Visual Studio Solution File, Format Version 12.00
# Visual Studio Version 16
VisualStudioVersion = 16.0.29920.165
MinimumVisualStudioVersion = 10.0.40219.1
Project("{9A19103F-16F7-4668-BE54-9A1E7A4F7556}") = "WPFLab", "WPFLab.csproj", "{3D924277-A4A7-45E7-B98D-964E60865CCC}"
EndProject
Project("{FAE04EC0-301F-11D3-BF4B-00C04F79EFBC}") = "WPFLab.Examples", "..\WPFLab.Examples\WPFLab.Examples.csproj", "{EE18E6E6-F3F9-4DF9-A8E5-82261ECD3D5D}"
EndProject
Global
	GlobalSection(SolutionConfigurationPlatforms) = preSolution
		Debug|Any CPU = Debug|Any CPU
		Release|Any CPU = Release|Any CPU
	EndGlobalSection
	GlobalSection(ProjectConfigurationPlatforms) = postSolution
		{3D924277-A4A7-45E7-B98D-964E60865CCC}.Debug|Any CPU.ActiveCfg = Debug|Any CPU
		{3D924277-A4A7-45E7-B98D-964E60865CCC}.Debug|Any CPU.Build.0 = Debug|Any CPU
		{3D924277-A4A7-45E7-B98D-964E60865CCC}.Release|Any CPU.ActiveCfg = Release|Any CPU
		{3D924277-A4A7-45E7-B98D-964E60865CCC}.Release|Any CPU.Build.0 = Release|Any CPU
		{EE18E6E6-F3F9-4DF9-A8E5-82261ECD3D5D}.Debug|Any CPU.ActiveCfg = Debug|Any CPU
		{EE18E6E6-F3F9-4DF9-A8E5-82261ECD3D5D}.Debug|Any CPU.Build.0 = Debug|Any CPU
		{EE18E6E6-F3F9-4DF9-A8E5-82261ECD3D5D}.Release|Any CPU.ActiveCfg = Release|Any CPU
		{EE18E6E6-F3F9-4DF9-A8E5-82261ECD3D5D}.Release|Any CPU.Build.0 = Release|Any CPU
	EndGlobalSection
	GlobalSection(SolutionProperties) = preSolution
		HideSolutionNode = FALSE
	EndGlobalSection
	GlobalSection(ExtensibilityGlobals) = postSolution
		SolutionGuid = {F41FC460-D97E-4EF8-8B5B-3EAD39EB134D}
	EndGlobalSection
EndGlobal
